
Microsoft Visual Studio Solution File, Format Version 12.00
# Visual Studio Version 17
VisualStudioVersion = 17.14.36414.22 d17.14
MinimumVisualStudioVersion = 10.0.40219.1
Project("{FAE04EC0-301F-11D3-BF4B-00C04F79EFBC}") = "Kanban", "Kanban\Kanban\Kanban.csproj", "{4EDDCE35-CE6B-42C0-9E0A-5B22D7AE2482}"
EndProject
Project("{FAE04EC0-301F-11D3-BF4B-00C04F79EFBC}") = "Kanban.Shared", "Kanban\Kanban.Shared\Kanban.Shared.csproj", "{D2ED183C-8FCA-4D08-846B-75AA493B3A0B}"
EndProject
Project("{FAE04EC0-301F-11D3-BF4B-00C04F79EFBC}") = "Kanban.Web", "Kanban\Kanban.Web\Kanban.Web.csproj", "{A029E261-B067-4498-962A-7DEFE52C956F}"
EndProject
Project("{FAE04EC0-301F-11D3-BF4B-00C04F79EFBC}") = "Kanban.Web.Client", "Kanban\Kanban.Web.Client\Kanban.Web.Client.csproj", "{1C42DDB1-21B0-4C88-AEE0-D3F8E496D40A}"
EndProject
Global
	GlobalSection(SolutionConfigurationPlatforms) = preSolution
		Debug|Any CPU = Debug|Any CPU
		Release|Any CPU = Release|Any CPU
	EndGlobalSection
	GlobalSection(ProjectConfigurationPlatforms) = postSolution
		{4EDDCE35-CE6B-42C0-9E0A-5B22D7AE2482}.Debug|Any CPU.ActiveCfg = Debug|Any CPU
		{4EDDCE35-CE6B-42C0-9E0A-5B22D7AE2482}.Debug|Any CPU.Build.0 = Debug|Any CPU
		{4EDDCE35-CE6B-42C0-9E0A-5B22D7AE2482}.Release|Any CPU.ActiveCfg = Release|Any CPU
		{4EDDCE35-CE6B-42C0-9E0A-5B22D7AE2482}.Release|Any CPU.Build.0 = Release|Any CPU
		{D2ED183C-8FCA-4D08-846B-75AA493B3A0B}.Debug|Any CPU.ActiveCfg = Debug|Any CPU
		{D2ED183C-8FCA-4D08-846B-75AA493B3A0B}.Debug|Any CPU.Build.0 = Debug|Any CPU
		{D2ED183C-8FCA-4D08-846B-75AA493B3A0B}.Release|Any CPU.ActiveCfg = Release|Any CPU
		{D2ED183C-8FCA-4D08-846B-75AA493B3A0B}.Release|Any CPU.Build.0 = Release|Any CPU
		{A029E261-B067-4498-962A-7DEFE52C956F}.Debug|Any CPU.ActiveCfg = Debug|Any CPU
		{A029E261-B067-4498-962A-7DEFE52C956F}.Debug|Any CPU.Build.0 = Debug|Any CPU
		{A029E261-B067-4498-962A-7DEFE52C956F}.Release|Any CPU.ActiveCfg = Release|Any CPU
		{A029E261-B067-4498-962A-7DEFE52C956F}.Release|Any CPU.Build.0 = Release|Any CPU
		{1C42DDB1-21B0-4C88-AEE0-D3F8E496D40A}.Debug|Any CPU.ActiveCfg = Debug|Any CPU
		{1C42DDB1-21B0-4C88-AEE0-D3F8E496D40A}.Debug|Any CPU.Build.0 = Debug|Any CPU
		{1C42DDB1-21B0-4C88-AEE0-D3F8E496D40A}.Release|Any CPU.ActiveCfg = Release|Any CPU
		{1C42DDB1-21B0-4C88-AEE0-D3F8E496D40A}.Release|Any CPU.Build.0 = Release|Any CPU
	EndGlobalSection
	GlobalSection(SolutionProperties) = preSolution
		HideSolutionNode = FALSE
	EndGlobalSection
	GlobalSection(ExtensibilityGlobals) = postSolution
		SolutionGuid = {8AC31375-62E8-41B9-B622-5CDC83D7366E}
	EndGlobalSection
EndGlobal
